# THIS IS AN AUTOGENERATED FILE. DO NOT EDIT THIS FILE DIRECTLY.
# yarn lockfile v1


"@faker-js/faker@^9.9.0":
  version "9.9.0"
  resolved "https://registry.npmjs.org/@faker-js/faker/-/faker-9.9.0.tgz"
  integrity sha512-OEl393iCOoo/z8bMezRlJu+GlRGlsKbUAN7jKB6LhnKoqKve5DXRpalbItIIcwnCjs1k/FOPjFzcA6Qn+H+YbA==

"@napi-rs/canvas-android-arm64@0.1.80":
  version "0.1.80"
  resolved "https://registry.yarnpkg.com/@napi-rs/canvas-android-arm64/-/canvas-android-arm64-0.1.80.tgz#2779ca5c8aaeb46c85eb72d29f1eb34efd46fb45"
  integrity sha512-sk7xhN/MoXeuExlggf91pNziBxLPVUqF2CAVnB57KLG/pz7+U5TKG8eXdc3pm0d7Od0WreB6ZKLj37sX9muGOQ==

"@napi-rs/canvas-android-arm64@0.1.97":
  version "0.1.97"
  resolved "https://registry.yarnpkg.com/@napi-rs/canvas-android-arm64/-/canvas-android-arm64-0.1.97.tgz#f7e2ee542d06c25531b03f9f4d43251ad985acde"
  integrity sha512-V1c/WVw+NzH8vk7ZK/O8/nyBSCQimU8sfMsB/9qeSvdkGKNU7+mxy/bIF0gTgeBFmHpj30S4E9WHMSrxXGQuVQ==

"@napi-rs/canvas-darwin-arm64@0.1.80":
  version "0.1.80"
  resolved "https://registry.yarnpkg.com/@napi-rs/canvas-darwin-arm64/-/canvas-darwin-arm64-0.1.80.tgz#638eaa2d0a2a373c7d15748743182718dcd95c4b"
  integrity sha512-O64APRTXRUiAz0P8gErkfEr3lipLJgM6pjATwavZ22ebhjYl/SUbpgM0xcWPQBNMP1n29afAC/Us5PX1vg+JNQ==

"@napi-rs/canvas-darwin-arm64@0.1.97":
  version "0.1.97"
  resolved "https://registry.yarnpkg.com/@napi-rs/canvas-darwin-arm64/-/canvas-darwin-arm64-0.1.97.tgz#92d6fac235531363ed86c06e337addc4b1110cde"
  integrity sha512-ok+SCEF4YejcxuJ9Rm+WWunHHpf2HmiPxfz6z1a/NFQECGXtsY7A4B8XocK1LmT1D7P174MzwPF9Wy3AUAwEPw==

"@napi-rs/canvas-darwin-x64@0.1.80":
  version "0.1.80"
  resolved "https://registry.yarnpkg.com/@napi-rs/canvas-darwin-x64/-/canvas-darwin-x64-0.1.80.tgz#bd6bc048dbd4b02b9620d9d07117ed93e6970978"
  integrity sha512-FqqSU7qFce0Cp3pwnTjVkKjjOtxMqRe6lmINxpIZYaZNnVI0H5FtsaraZJ36SiTHNjZlUB69/HhxNDT1Aaa9vA==

"@napi-rs/canvas-darwin-x64@0.1.97":
  version "0.1.97"
  resolved "https://registry.yarnpkg.com/@napi-rs/canvas-darwin-x64/-/canvas-darwin-x64-0.1.97.tgz#8ffff22c8308258d3ba4b5826747a1a14e9549d6"
  integrity sha512-PUP6e6/UGlclUvAQNnuXCcnkpdUou6VYZfQOQxExLp86epOylmiwLkqXIvpFmjoTEDmPmXrI+coL/9EFU1gKPA==

"@napi-rs/canvas-linux-arm-gnueabihf@0.1.80":
  version "0.1.80"
  resolved "https://registry.yarnpkg.com/@napi-rs/canvas-linux-arm-gnueabihf/-/canvas-linux-arm-gnueabihf-0.1.80.tgz#ce6bfbeb19d9234c42df5c384e5989aa7d734789"
  integrity sha512-eyWz0ddBDQc7/JbAtY4OtZ5SpK8tR4JsCYEZjCE3dI8pqoWUC8oMwYSBGCYfsx2w47cQgQCgMVRVTFiiO38hHQ==

"@napi-rs/canvas-linux-arm-gnueabihf@0.1.97":
  version "0.1.97"
  resolved "https://registry.yarnpkg.com/@napi-rs/canvas-linux-arm-gnueabihf/-/canvas-linux-arm-gnueabihf-0.1.97.tgz#9be74922129d359351bcb49eec4ebf01349ad457"
  integrity sha512-XyXH2L/cic8eTNtbrXCcvqHtMX/nEOxN18+7rMrAM2XtLYC/EB5s0wnO1FsLMWmK+04ZSLN9FBGipo7kpIkcOw==

"@napi-rs/canvas-linux-arm64-gnu@0.1.80":
  version "0.1.80"
  resolved "https://registry.yarnpkg.com/@napi-rs/canvas-linux-arm64-gnu/-/canvas-linux-arm64-gnu-0.1.80.tgz#3b7a7832fef763826fa5fb740d5757204e52607d"
  integrity sha512-qwA63t8A86bnxhuA/GwOkK3jvb+XTQaTiVML0vAWoHyoZYTjNs7BzoOONDgTnNtr8/yHrq64XXzUoLqDzU+Uuw==

"@napi-rs/canvas-linux-arm64-gnu@0.1.97":
  version "0.1.97"
  resolved "https://registry.yarnpkg.com/@napi-rs/canvas-linux-arm64-gnu/-/canvas-linux-arm64-gnu-0.1.97.tgz#7e1384f722fbb20091af4152a1e0775fb58e2829"
  integrity sha512-Kuq/M3djq0K8ktgz6nPlK7Ne5d4uWeDxPpyKWOjWDK2RIOhHVtLtyLiJw2fuldw7Vn4mhw05EZXCEr4Q76rs9w==

"@napi-rs/canvas-linux-arm64-musl@0.1.80":
  version "0.1.80"
  resolved "https://registry.yarnpkg.com/@napi-rs/canvas-linux-arm64-musl/-/canvas-linux-arm64-musl-0.1.80.tgz#d8ccd91f31d70760628623cd575134ada17690a3"
  integrity sha512-1XbCOz/ymhj24lFaIXtWnwv/6eFHXDrjP0jYkc6iHQ9q8oXKzUX1Lc6bu+wuGiLhGh2GS/2JlfORC5ZcXimRcg==

"@napi-rs/canvas-linux-arm64-musl@0.1.97":
  version "0.1.97"
  resolved "https://registry.yarnpkg.com/@napi-rs/canvas-linux-arm64-musl/-/canvas-linux-arm64-musl-0.1.97.tgz#8b56c1c647a17af23d985b75ee989316608145f7"
  integrity sha512-kKmSkQVnWeqg7qdsiXvYxKhAFuHz3tkBjW/zyQv5YKUPhotpaVhpBGv5LqCngzyuRV85SXoe+OFj+Tv0a0QXkQ==

"@napi-rs/canvas-linux-riscv64-gnu@0.1.80":
  version "0.1.80"
  resolved "https://registry.yarnpkg.com/@napi-rs/canvas-linux-riscv64-gnu/-/canvas-linux-riscv64-gnu-0.1.80.tgz#927a3b859a0e3c691beaf52a19bc4736c4ffc9b8"
  integrity sha512-XTzR125w5ZMs0lJcxRlS1K3P5RaZ9RmUsPtd1uGt+EfDyYMu4c6SEROYsxyatbbu/2+lPe7MPHOO/0a0x7L/gw==

"@napi-rs/canvas-linux-riscv64-gnu@0.1.97":
  version "0.1.97"
  resolved "https://registry.yarnpkg.com/@napi-rs/canvas-linux-riscv64-gnu/-/canvas-linux-riscv64-gnu-0.1.97.tgz#dcab2372c7744dd446512666ee5529cda581d2d2"
  integrity sha512-Jc7I3A51jnEOIAXeLsN/M/+Z28LUeakcsXs07FLq9prXc0eYOtVwsDEv913Gr+06IRo34gJJVgT0TXvmz+N2VA==

"@napi-rs/canvas-linux-x64-gnu@0.1.80":
  version "0.1.80"
  resolved "https://registry.yarnpkg.com/@napi-rs/canvas-linux-x64-gnu/-/canvas-linux-x64-gnu-0.1.80.tgz#25c0416bcedd6fadc15295e9afa8d9697232050c"
  integrity sha512-BeXAmhKg1kX3UCrJsYbdQd3hIMDH/K6HnP/pG2LuITaXhXBiNdh//TVVVVCBbJzVQaV5gK/4ZOCMrQW9mvuTqA==

"@napi-rs/canvas-linux-x64-gnu@0.1.97":
  version "0.1.97"
  resolved "https://registry.yarnpkg.com/@napi-rs/canvas-linux-x64-gnu/-/canvas-linux-x64-gnu-0.1.97.tgz#8024a34ddc45f447f7dcf1522614a9b80b883218"
  integrity sha512-iDUBe7AilfuBSRbSa8/IGX38Mf+iCSBqoVKLSQ5XaY2JLOaqz1TVyPFEyIck7wT6mRQhQt5sN6ogfjIDfi74tg==

"@napi-rs/canvas-linux-x64-musl@0.1.80":
  version "0.1.80"
  resolved "https://registry.yarnpkg.com/@napi-rs/canvas-linux-x64-musl/-/canvas-linux-x64-musl-0.1.80.tgz#de85d644e09120a60996bbe165cc2efee804551b"
  integrity sha512-x0XvZWdHbkgdgucJsRxprX/4o4sEed7qo9rCQA9ugiS9qE2QvP0RIiEugtZhfLH3cyI+jIRFJHV4Fuz+1BHHMg==

"@napi-rs/canvas-linux-x64-musl@0.1.97":
  version "0.1.97"
  resolved "https://registry.yarnpkg.com/@napi-rs/canvas-linux-x64-musl/-/canvas-linux-x64-musl-0.1.97.tgz#d299b46c63c9c0d029ba2e81f46ce85af72efe8b"
  integrity sha512-AKLFd/v0Z5fvgqBDqhvqtAdx+fHMJ5t9JcUNKq4FIZ5WH+iegGm8HPdj00NFlCSnm83Fp3Ln8I2f7uq1aIiWaA==

"@napi-rs/canvas-win32-arm64-msvc@0.1.97":
  version "0.1.97"
  resolved "https://registry.yarnpkg.com/@napi-rs/canvas-win32-arm64-msvc/-/canvas-win32-arm64-msvc-0.1.97.tgz#fdfe987ff2ef5d7537b39a0c2045df2a20031cf7"
  integrity sha512-u883Yr6A6fO7Vpsy9YE4FVCIxzzo5sO+7pIUjjoDLjS3vQaNMkVzx5bdIpEL+ob+gU88WDK4VcxYMZ6nmnoX9A==

"@napi-rs/canvas-win32-x64-msvc@0.1.80":
  version "0.1.80"
  resolved "https://registry.yarnpkg.com/@napi-rs/canvas-win32-x64-msvc/-/canvas-win32-x64-msvc-0.1.80.tgz#6bb95885d9377912d71f1372fc1916fb54d6ef0a"
  integrity sha512-Z8jPsM6df5V8B1HrCHB05+bDiCxjE9QA//3YrkKIdVDEwn5RKaqOxCJDRJkl48cJbylcrJbW4HxZbTte8juuPg==

"@napi-rs/canvas-win32-x64-msvc@0.1.97":
  version "0.1.97"
  resolved "https://registry.yarnpkg.com/@napi-rs/canvas-win32-x64-msvc/-/canvas-win32-x64-msvc-0.1.97.tgz#b55fd826b1df00c034b890a93410d958a172c983"
  integrity sha512-sWtD2EE3fV0IzN+iiQUqr/Q1SwqWhs2O1FKItFlxtdDkikpEj5g7DKQpY3x55H/MAOnL8iomnlk3mcEeGiUMoQ==

"@napi-rs/canvas@0.1.80":
  version "0.1.80"
  resolved "https://registry.yarnpkg.com/@napi-rs/canvas/-/canvas-0.1.80.tgz#53615bea56fd94e07331ab13caa7a39efc4914ab"
  integrity sha512-DxuT1ClnIPts1kQx8FBmkk4BQDTfI5kIzywAaMjQSXfNnra5UFU9PwurXrl+Je3bJ6BGsp/zmshVVFbCmyI+ww==
  optionalDependencies:
    "@napi-rs/canvas-android-arm64" "0.1.80"
    "@napi-rs/canvas-darwin-arm64" "0.1.80"
    "@napi-rs/canvas-darwin-x64" "0.1.80"
    "@napi-rs/canvas-linux-arm-gnueabihf" "0.1.80"
    "@napi-rs/canvas-linux-arm64-gnu" "0.1.80"
    "@napi-rs/canvas-linux-arm64-musl" "0.1.80"
    "@napi-rs/canvas-linux-riscv64-gnu" "0.1.80"
    "@napi-rs/canvas-linux-x64-gnu" "0.1.80"
    "@napi-rs/canvas-linux-x64-musl" "0.1.80"
    "@napi-rs/canvas-win32-x64-msvc" "0.1.80"

"@napi-rs/canvas@^0.1.80":
  version "0.1.97"
  resolved "https://registry.yarnpkg.com/@napi-rs/canvas/-/canvas-0.1.97.tgz#9a9c5754d4515707510c013ce1385bd4d906d92f"
  integrity sha512-8cFniXvrIEnVwuNSRCW9wirRZbHvrD3JVujdS2P5n5xiJZNZMOZcfOvJ1pb66c7jXMKHHglJEDVJGbm8XWFcXQ==
  optionalDependencies:
    "@napi-rs/canvas-android-arm64" "0.1.97"
    "@napi-rs/canvas-darwin-arm64" "0.1.97"
    "@napi-rs/canvas-darwin-x64" "0.1.97"
    "@napi-rs/canvas-linux-arm-gnueabihf" "0.1.97"
    "@napi-rs/canvas-linux-arm64-gnu" "0.1.97"
    "@napi-rs/canvas-linux-arm64-musl" "0.1.97"
    "@napi-rs/canvas-linux-riscv64-gnu" "0.1.97"
    "@napi-rs/canvas-linux-x64-gnu" "0.1.97"
    "@napi-rs/canvas-linux-x64-musl" "0.1.97"
    "@napi-rs/canvas-win32-arm64-msvc" "0.1.97"
    "@napi-rs/canvas-win32-x64-msvc" "0.1.97"

"@playwright/test@^1.58.2":
  version "1.58.2"
  resolved "https://registry.npmjs.org/@playwright/test/-/test-1.58.2.tgz"
  integrity sha512-akea+6bHYBBfA9uQqSYmlJXn61cTa+jbO87xVLCWbTqbWadRVmhxlXATaOjOgcBaWU4ePo0wB41KMFv3o35IXA==
  dependencies:
    playwright "1.58.2"

"@types/node@^25.5.0":
  version "25.5.0"
  resolved "https://registry.npmjs.org/@types/node/-/node-25.5.0.tgz"
  integrity sha512-jp2P3tQMSxWugkCUKLRPVUpGaL5MVFwF8RDuSRztfwgN1wmqJeMSbKlnEtQqU8UrhTmzEmZdu2I6v2dpp7XIxw==
  dependencies:
    undici-types "~7.18.0"

dotenv@^17.3.1:
  version "17.3.1"
  resolved "https://registry.yarnpkg.com/dotenv/-/dotenv-17.3.1.tgz#2706f5b0165e45a1503348187b8468f87fe6aae2"
  integrity sha512-IO8C/dzEb6O3F9/twg6ZLXz164a2fhTnEWb95H23Dm4OuN+92NmEAlTrupP9VW6Jm3sO26tQlqyvyi4CsnY9GA==

fsevents@2.3.2:
  version "2.3.2"
  resolved "https://registry.yarnpkg.com/fsevents/-/fsevents-2.3.2.tgz#8a526f78b8fdf4623b709e0b975c52c24c02fd1a"
  integrity sha512-xiqMQR4xAeHTuB9uWm+fFRcIOgKBMiOBP+eXiyT7jsgVCq1bkVygt00oASowB7EdtpOHaaPgKt812P9ab+DDKA==

pdf-parse@^2.4.5:
  version "2.4.5"
  resolved "https://registry.yarnpkg.com/pdf-parse/-/pdf-parse-2.4.5.tgz#fcbf9774d985a7f573e899c22618ab53a508a9f3"
  integrity sha512-mHU89HGh7v+4u2ubfnevJ03lmPgQ5WU4CxAVmTSh/sxVTEDYd1er/dKS/A6vg77NX47KTEoihq8jZBLr8Cxuwg==
  dependencies:
    "@napi-rs/canvas" "0.1.80"
    pdfjs-dist "5.4.296"

pdfjs-dist@5.4.296:
  version "5.4.296"
  resolved "https://registry.yarnpkg.com/pdfjs-dist/-/pdfjs-dist-5.4.296.tgz#b1aa7ded8828f29537bc7cc99c1343c8b3a5d2d6"
  integrity sha512-DlOzet0HO7OEnmUmB6wWGJrrdvbyJKftI1bhMitK7O2N8W2gc757yyYBbINy9IDafXAV9wmKr9t7xsTaNKRG5Q==
  optionalDependencies:
    "@napi-rs/canvas" "^0.1.80"

playwright-core@1.58.2:
  version "1.58.2"
  resolved "https://registry.npmjs.org/playwright-core/-/playwright-core-1.58.2.tgz"
  integrity sha512-yZkEtftgwS8CsfYo7nm0KE8jsvm6i/PTgVtB8DL726wNf6H2IMsDuxCpJj59KDaxCtSnrWan2AeDqM7JBaultg==

playwright@1.58.2:
  version "1.58.2"
  resolved "https://registry.npmjs.org/playwright/-/playwright-1.58.2.tgz"
  integrity sha512-vA30H8Nvkq/cPBnNw4Q8TWz1EJyqgpuinBcHET0YVJVFldr8JDNiU9LaWAE1KqSkRYazuaBhTpB5ZzShOezQ6A==
  dependencies:
    playwright-core "1.58.2"
  optionalDependencies:
    fsevents "2.3.2"

undici-types@~7.18.0:
  version "7.18.2"
  resolved "https://registry.npmjs.org/undici-types/-/undici-types-7.18.2.tgz"
  integrity sha512-AsuCzffGHJybSaRrmr5eHr81mwJU3kjw6M+uprWvCXiNeN9SOGwQ3Jn8jb8m3Z6izVgknn1R0FTCEAP2QrLY/w==

yarn@^1.22.22:
  version "1.22.22"
  resolved "https://registry.npmjs.org/yarn/-/yarn-1.22.22.tgz"
  integrity sha512-prL3kGtyG7o9Z9Sv8IPfBNrWTDmXB4Qbes8A9rEzt6wkJV8mUvoirjU0Mp3GGAU06Y0XQyA3/2/RQFVuK7MTfg==
